schema: '2.0'
stages:
  prepare:
    cmd: python -m app.prepare --data data/students.csv --out-dir data/prepared
    deps:
    - path: app/data.py
      hash: md5
      md5: 3fd56607464c1337f6cc7a5890402280
      size: 2767
    - path: app/prepare.py
      hash: md5
      md5: 2c0a8f6aaa1668596a53ab5ade28f17c
      size: 1795
    - path: data/students.csv
      hash: md5
      md5: 2a3124a6cbd8c0d8a75b36653d351a76
      size: 45984436
    outs:
    - path: data/prepared/train.csv
      hash: md5
      md5: 67088b4926d52aed6ef50b755d28b4ac
      size: 37290119
    - path: data/prepared/val.csv
      hash: md5
      md5: 0cf420add14a6fcf5d7215669b0661e0
      size: 9324467
  train:
    cmd: python -m app.train --data data/prepared/train.csv --out model.pkl
    deps:
    - path: app/data.py
      hash: md5
      md5: 3fd56607464c1337f6cc7a5890402280
      size: 2767
    - path: app/train.py
      hash: md5
      md5: 5af9020f9531f5e1fb5099e2ef7baeac
      size: 2098
    - path: data/prepared/train.csv
      hash: md5
      md5: 67088b4926d52aed6ef50b755d28b4ac
      size: 37290119
    outs:
    - path: model.pkl
      hash: md5
      md5: 91e299025eca63bba337f41517f5fb64
      size: 5571034
  evaluate:
    cmd: python -m app.evaluate --model model.pkl --data data/prepared/val.csv
      --out metrics.json
    deps:
    - path: app/data.py
      hash: md5
      md5: 3fd56607464c1337f6cc7a5890402280
      size: 2767
    - path: app/evaluate.py
      hash: md5
      md5: 916137c35eaf864da8794cd7fd3c0d35
      size: 1801
    - path: data/prepared/val.csv
      hash: md5
      md5: 0cf420add14a6fcf5d7215669b0661e0
      size: 9324467
    - path: model.pkl
      hash: md5
      md5: 91e299025eca63bba337f41517f5fb64
      size: 5571034
    outs:
    - path: metrics.json
      hash: md5
      md5: 5f42e0e419875ff4c2c48482f2e57383
      size: 59
