schema: '2.0'
stages:
  prepare:
    cmd: python -m app.prepare --data data/students.csv --out-dir data/prepared
    deps:
    - path: app/data.py
      hash: md5
      md5: 3fd56607464c1337f6cc7a5890402280
      size: 2767
    - path: app/prepare.py
      hash: md5
      md5: 2c0a8f6aaa1668596a53ab5ade28f17c
      size: 1795
    - path: data/students.csv
      hash: md5
      md5: acbd888bbf02db1641380f168cba9562
      size: 1480001
    outs:
    - path: data/prepared/train.csv
      hash: md5
      md5: 1a2fb9336f7e1ec752bde3cfdf5b1343
      size: 1184334
    - path: data/prepared/val.csv
      hash: md5
      md5: d92fb1fa13f4eb0996982ae8e93350c0
      size: 295816
  train:
    cmd: python -m app.train --data data/prepared/train.csv --out model.pkl
    deps:
    - path: app/data.py
      hash: md5
      md5: 3fd56607464c1337f6cc7a5890402280
      size: 2767
    - path: app/train.py
      hash: md5
      md5: c0674b17cbeaf186e86f318eeb34ab5d
      size: 3327
    - path: data/prepared/train.csv
      hash: md5
      md5: 1a2fb9336f7e1ec752bde3cfdf5b1343
      size: 1184334
    outs:
    - path: model.pkl
      hash: md5
      md5: 982dcc7a1212847cc1a1a3bf26ce5bf9
      size: 7391098
  evaluate:
    cmd: python -m app.evaluate --model model.pkl --data data/prepared/val.csv
      --out metrics.json
    deps:
    - path: app/data.py
      hash: md5
      md5: 3fd56607464c1337f6cc7a5890402280
      size: 2767
    - path: app/evaluate.py
      hash: md5
      md5: b7383eb77c02a1f832e6542c57a0aa90
      size: 2433
    - path: data/prepared/val.csv
      hash: md5
      md5: d92fb1fa13f4eb0996982ae8e93350c0
      size: 295816
    - path: model.pkl
      hash: md5
      md5: 982dcc7a1212847cc1a1a3bf26ce5bf9
      size: 7391098
    outs:
    - path: metrics.json
      hash: md5
      md5: 41a9ad94dfa0ee038de0d9deeba930e5
      size: 61
