{"version":4,"terraform_version":"1.12.5","serial":4,"lineage":"0fbaff58-e931-9b4c-69a3-eb0341ff2922","outputs":{"ecr_repository_url":{"value":"178686400622.dkr.ecr.us-east-1.amazonaws.com/student-score-predictor","type":"string"},"lambda_function_url":{"value":"https://m7cgamdl7kixosqc2yj2xxmrqi0uvfoc.lambda-url.us-east-1.on.aws/","type":"string"},"s3_bucket_name":{"value":"student-score-predictor-artifacts-178686400622","type":"string"}},"resources":[{"mode":"data","type":"aws_caller_identity","name":"current","provider":"provider[\"registry.opentofu.org/hashicorp/aws\"]","instances":[{"schema_version":0,"attributes":{"account_id":"178686400622","arn":"arn:aws:iam::178686400622:user/github-action-deployer","id":"178686400622","user_id":"AIDASTGUKDBXJDDGFLVME"},"sensitive_attributes":[]}]},{"mode":"managed","type":"aws_budgets_budget","name":"cost_guard","provider":"provider[\"registry.opentofu.org/hashicorp/aws\"]","instances":[{"schema_version":0,"attributes":{"account_id":"178686400622","arn":"arn:aws:budgets::178686400622:budget/student-score-predictor-monthly-limit","auto_adjust_data":[],"budget_type":"COST","cost_filter":[],"cost_types":[{"include_credit":true,"include_discount":true,"include_other_subscription":true,"include_recurring":true,"include_refund":true,"include_subscription":true,"include_support":true,"include_tax":true,"include_upfront":true,"use_amortized":false,"use_blended":false}],"id":"178686400622:student-score-predictor-monthly-limit","limit_amount":"15.0","limit_unit":"USD","name":"student-score-predictor-monthly-limit","name_prefix":"","notification":[{"comparison_operator":"GREATER_THAN","notification_type":"ACTUAL","subscriber_email_addresses":["kingafaq145@gmail.com"],"subscriber_sns_topic_arns":[],"threshold":80,"threshold_type":"PERCENTAGE"},{"comparison_operator":"GREATER_THAN","notification_type":"FORECASTED","subscriber_email_addresses":["kingafaq145@gmail.com"],"subscriber_sns_topic_arns":[],"threshold":100,"threshold_type":"PERCENTAGE"}],"planned_limit":[],"tags":{},"tags_all":{},"time_period_end":"2087-06-15_00:00","time_period_start":"2026-08-01_00:00","time_unit":"MONTHLY"},"sensitive_attributes":[],"private":"bnVsbA=="}]},{"mode":"managed","type":"aws_ecr_lifecycle_policy","name":"expire_untagged","provider":"provider[\"registry.opentofu.org/hashicorp/aws\"]","instances":[{"schema_version":0,"attributes":{"id":"student-score-predictor","policy":"{\"rules\":[{\"action\":{\"type\":\"expire\"},\"description\":\"Expire untagged images after 14 days\",\"rulePriority\":1,\"selection\":{\"countNumber\":14,\"countType\":\"sinceImagePushed\",\"countUnit\":\"days\",\"tagStatus\":\"untagged\"}}]}","registry_id":"178686400622","repository":"student-score-predictor"},"sensitive_attributes":[],"private":"bnVsbA==","dependencies":["aws_ecr_repository.score_model_repo"]}]},{"mode":"managed","type":"aws_ecr_repository","name":"score_model_repo","provider":"provider[\"registry.opentofu.org/hashicorp/aws\"]","instances":[{"schema_version":0,"attributes":{"arn":"arn:aws:ecr:us-east-1:178686400622:repository/student-score-predictor","encryption_configuration":[{"encryption_type":"AES256","kms_key":""}],"force_delete":null,"id":"student-score-predictor","image_scanning_configuration":[{"scan_on_push":true}],"image_tag_mutability":"MUTABLE","name":"student-score-predictor","registry_id":"178686400622","repository_url":"178686400622.dkr.ecr.us-east-1.amazonaws.com/student-score-predictor","tags":{},"tags_all":{},"timeouts":null},"sensitive_attributes":[],"private":"eyJlMmJmYjczMC1lY2FhLTExZTYtOGY4OC0zNDM2M2JjN2M0YzAiOnsiZGVsZXRlIjoxMjAwMDAwMDAwMDAwfX0="}]},{"mode":"managed","type":"aws_iam_role","name":"lambda_exec_role","provider":"provider[\"registry.opentofu.org/hashicorp/aws\"]","instances":[{"schema_version":0,"attributes":{"arn":"arn:aws:iam::178686400622:role/student-score-predictor-lambda-exec-role","assume_role_policy":"{\"Statement\":[{\"Action\":\"sts:AssumeRole\",\"Effect\":\"Allow\",\"Principal\":{\"Service\":\"lambda.amazonaws.com\"}}],\"Version\":\"2012-10-17\"}","create_date":"2026-08-11T03:09:20Z","description":"","force_detach_policies":false,"id":"student-score-predictor-lambda-exec-role","inline_policy":[{"name":"student-score-predictor-lambda-s3-read","policy":"{\"Version\":\"2012-10-17\",\"Statement\":[{\"Action\":[\"s3:GetObject\"],\"Effect\":\"Allow\",\"Resource\":\"arn:aws:s3:::student-score-predictor-artifacts-178686400622/*\"}]}"}],"managed_policy_arns":["arn:aws:iam::aws:policy/service-role/AWSLambdaBasicExecutionRole"],"max_session_duration":3600,"name":"student-score-predictor-lambda-exec-role","name_prefix":"","path":"/","permissions_boundary":"","tags":{},"tags_all":{},"unique_id":"AROASTGUKDBXDQOKPH7PZ"},"sensitive_attributes":[],"private":"bnVsbA=="}]},{"mode":"managed","type":"aws_iam_role_policy","name":"lambda_s3_read","provider":"provider[\"registry.opentofu.org/hashicorp/aws\"]","instances":[{"schema_version":0,"attributes":{"id":"student-score-predictor-lambda-exec-role:student-score-predictor-lambda-s3-read","name":"student-score-predictor-lambda-s3-read","name_prefix":"","policy":"{\"Version\":\"2012-10-17\",\"Statement\":[{\"Action\":[\"s3:GetObject\"],\"Effect\":\"Allow\",\"Resource\":\"arn:aws:s3:::student-score-predictor-artifacts-178686400622/*\"}]}","role":"student-score-predictor-lambda-exec-role"},"sensitive_attributes":[],"private":"bnVsbA==","dependencies":["aws_iam_role.lambda_exec_role","aws_s3_bucket.model_artifacts","data.aws_caller_identity.current"]}]},{"mode":"managed","type":"aws_iam_role_policy_attachment","name":"lambda_basic_logging","provider":"provider[\"registry.opentofu.org/hashicorp/aws\"]","instances":[{"schema_version":0,"attributes":{"id":"student-score-predictor-lambda-exec-role-20260811030921504300000001","policy_arn":"arn:aws:iam::aws:policy/service-role/AWSLambdaBasicExecutionRole","role":"student-score-predictor-lambda-exec-role"},"sensitive_attributes":[],"private":"bnVsbA==","dependencies":["aws_iam_role.lambda_exec_role"]}]},{"mode":"managed","type":"aws_lambda_function","name":"score_predictor","provider":"provider[\"registry.opentofu.org/hashicorp/aws\"]","instances":[{"schema_version":0,"attributes":{"architectures":["x86_64"],"arn":"arn:aws:lambda:us-east-1:178686400622:function:score-predictor","code_sha256":"4216d7b41f1a41fa43cfd04bec1bcac3f8cb075b17ad536bf37598378a50a6b1","code_signing_config_arn":"","dead_letter_config":[],"description":"","environment":[],"ephemeral_storage":[{"size":512}],"file_system_config":[],"filename":null,"function_name":"score-predictor","handler":"","id":"score-predictor","image_config":[],"image_uri":"178686400622.dkr.ecr.us-east-1.amazonaws.com/student-score-predictor:latest","invoke_arn":"arn:aws:apigateway:us-east-1:lambda:path/2015-03-31/functions/arn:aws:lambda:us-east-1:178686400622:function:score-predictor/invocations","kms_key_arn":"","last_modified":"2026-08-11T08:11:55.613+0000","layers":null,"logging_config":[{"application_log_level":"","log_format":"Text","log_group":"/aws/lambda/score-predictor","system_log_level":""}],"memory_size":512,"package_type":"Image","publish":false,"qualified_arn":"arn:aws:lambda:us-east-1:178686400622:function:score-predictor:$LATEST","qualified_invoke_arn":"arn:aws:apigateway:us-east-1:lambda:path/2015-03-31/functions/arn:aws:lambda:us-east-1:178686400622:function:score-predictor:$LATEST/invocations","replace_security_groups_on_destroy":null,"replacement_security_group_ids":null,"reserved_concurrent_executions":-1,"role":"arn:aws:iam::178686400622:role/student-score-predictor-lambda-exec-role","runtime":"","s3_bucket":null,"s3_key":null,"s3_object_version":null,"signing_job_arn":"","signing_profile_version_arn":"","skip_destroy":false,"snap_start":[],"source_code_hash":"","source_code_size":0,"tags":null,"tags_all":{},"timeout":10,"timeouts":null,"tracing_config":[{"mode":"PassThrough"}],"version":"$LATEST","vpc_config":[]},"sensitive_attributes":[],"private":"eyJlMmJmYjczMC1lY2FhLTExZTYtOGY4OC0zNDM2M2JjN2M0YzAiOnsiY3JlYXRlIjo2MDAwMDAwMDAwMDAsImRlbGV0ZSI6NjAwMDAwMDAwMDAwLCJ1cGRhdGUiOjYwMDAwMDAwMDAwMH19","dependencies":["aws_ecr_repository.score_model_repo","aws_iam_role.lambda_exec_role"]}]},{"mode":"managed","type":"aws_lambda_function_url","name":"score_predictor_url","provider":"provider[\"registry.opentofu.org/hashicorp/aws\"]","instances":[{"schema_version":0,"attributes":{"authorization_type":"NONE","cors":[],"function_arn":"arn:aws:lambda:us-east-1:178686400622:function:score-predictor","function_name":"score-predictor","function_url":"https://m7cgamdl7kixosqc2yj2xxmrqi0uvfoc.lambda-url.us-east-1.on.aws/","id":"score-predictor","invoke_mode":"BUFFERED","qualifier":"","timeouts":null,"url_id":"m7cgamdl7kixosqc2yj2xxmrqi0uvfoc"},"sensitive_attributes":[],"private":"eyJlMmJmYjczMC1lY2FhLTExZTYtOGY4OC0zNDM2M2JjN2M0YzAiOnsiY3JlYXRlIjo2MDAwMDAwMDAwMDB9fQ==","dependencies":["aws_ecr_repository.score_model_repo","aws_iam_role.lambda_exec_role","aws_lambda_function.score_predictor"]}]},{"mode":"managed","type":"aws_s3_bucket","name":"model_artifacts","provider":"provider[\"registry.opentofu.org/hashicorp/aws\"]","instances":[{"schema_version":0,"attributes":{"acceleration_status":"","acl":null,"arn":"arn:aws:s3:::student-score-predictor-artifacts-178686400622","bucket":"student-score-predictor-artifacts-178686400622","bucket_domain_name":"student-score-predictor-artifacts-178686400622.s3.amazonaws.com","bucket_prefix":"","bucket_regional_domain_name":"student-score-predictor-artifacts-178686400622.s3.us-east-1.amazonaws.com","cors_rule":[],"force_destroy":false,"grant":[{"id":"3b04e980b94b03a15bd21b29ba63c243d6e980176bf57a068a61abc23fb930b4","permissions":["FULL_CONTROL"],"type":"CanonicalUser","uri":""}],"hosted_zone_id":"Z3AQBSTGFYJSTF","id":"student-score-predictor-artifacts-178686400622","lifecycle_rule":[{"abort_incomplete_multipart_upload_days":0,"enabled":true,"expiration":[{"date":"","days":30,"expired_object_delete_marker":false}],"id":"expire-old-model-versions","noncurrent_version_expiration":[],"noncurrent_version_transition":[],"prefix":"models/","tags":{},"transition":[]}],"logging":[],"object_lock_configuration":[],"object_lock_enabled":false,"policy":"","region":"us-east-1","replication_configuration":[],"request_payer":"BucketOwner","server_side_encryption_configuration":[{"rule":[{"apply_server_side_encryption_by_default":[{"kms_master_key_id":"","sse_algorithm":"AES256"}],"bucket_key_enabled":false}]}],"tags":{},"tags_all":{},"timeouts":null,"versioning":[{"enabled":false,"mfa_delete":false}],"website":[],"website_domain":null,"website_endpoint":null},"sensitive_attributes":[],"private":"eyJlMmJmYjczMC1lY2FhLTExZTYtOGY4OC0zNDM2M2JjN2M0YzAiOnsiY3JlYXRlIjoxMjAwMDAwMDAwMDAwLCJkZWxldGUiOjM2MDAwMDAwMDAwMDAsInJlYWQiOjEyMDAwMDAwMDAwMDAsInVwZGF0ZSI6MTIwMDAwMDAwMDAwMH19","dependencies":["data.aws_caller_identity.current"]}]},{"mode":"managed","type":"aws_s3_bucket_lifecycle_configuration","name":"expire_old_artifacts","provider":"provider[\"registry.opentofu.org/hashicorp/aws\"]","instances":[{"schema_version":1,"attributes":{"bucket":"student-score-predictor-artifacts-178686400622","expected_bucket_owner":"","id":"student-score-predictor-artifacts-178686400622","rule":[{"abort_incomplete_multipart_upload":[],"expiration":[{"date":null,"days":30,"expired_object_delete_marker":false}],"filter":[{"and":[],"object_size_greater_than":null,"object_size_less_than":null,"prefix":"models/","tag":[]}],"id":"expire-old-model-versions","noncurrent_version_expiration":[],"noncurrent_version_transition":[],"prefix":"","status":"Enabled","transition":[]}],"timeouts":null,"transition_default_minimum_object_size":"all_storage_classes_128K"},"sensitive_attributes":[],"dependencies":["aws_s3_bucket.model_artifacts","data.aws_caller_identity.current"]}]}],"check_results":null}
